
Microsoft Visual Studio Solution File, Format Version 11.00
# Visual Studio 2010
Project("{FAE04EC0-301F-11D3-BF4B-00C04F79EFBC}") = "QLKS_DAL_WS", "QLKS_DAL_WS\QLKS_DAL_WS.csproj", "{E3EC7DDC-EC14-45B9-8710-303EB7139950}"
EndProject
Project("{FAE04EC0-301F-11D3-BF4B-00C04F79EFBC}") = "QLKS_BUS_WS", "QLKS_BUS_WS\QLKS_BUS_WS.csproj", "{798513C6-1474-4E5F-9776-115DFF2C5FA8}"
	ProjectSection(ProjectDependencies) = postProject
		{E3EC7DDC-EC14-45B9-8710-303EB7139950} = {E3EC7DDC-EC14-45B9-8710-303EB7139950}
	EndProjectSection
EndProject
Project("{FAE04EC0-301F-11D3-BF4B-00C04F79EFBC}") = "QLKS_GUI_WIN", "QLKS_GUI_WIN\QLKS_GUI_WIN.csproj", "{71CB07B7-996B-4CAA-934B-747099F80557}"
	ProjectSection(ProjectDependencies) = postProject
		{798513C6-1474-4E5F-9776-115DFF2C5FA8} = {798513C6-1474-4E5F-9776-115DFF2C5FA8}
	EndProjectSection
EndProject
Project("{54435603-DBB4-11D2-8724-00A0C9A8B90C}") = "SETUP_QLKS_GUI_WIN", "SETUP_QLKS_GUI_WIN\SETUP_QLKS_GUI_WIN.vdproj", "{1C2148B3-6502-4688-A674-CBF19D2FC044}"
EndProject
Project("{54435603-DBB4-11D2-8724-00A0C9A8B90C}") = "SETUP_QLKS_BUS_WS", "SETUP_QLKS_BUS_WS\SETUP_QLKS_BUS_WS.vdproj", "{3E7B18D5-2E48-4EF1-A5FE-13EEC165F8B1}"
EndProject
Project("{54435603-DBB4-11D2-8724-00A0C9A8B90C}") = "SETUP_QLKS_DAL_WS", "SETUP_QLKS_DAL_WS\SETUP_QLKS_DAL_WS.vdproj", "{49DB6687-889A-408B-83DE-C326290741FB}"
EndProject
Global
	GlobalSection(SolutionConfigurationPlatforms) = preSolution
		Debug|Any CPU = Debug|Any CPU
		Debug|Mixed Platforms = Debug|Mixed Platforms
		Debug|x86 = Debug|x86
		Release|Any CPU = Release|Any CPU
		Release|Mixed Platforms = Release|Mixed Platforms
		Release|x86 = Release|x86
	EndGlobalSection
	GlobalSection(ProjectConfigurationPlatforms) = postSolution
		{E3EC7DDC-EC14-45B9-8710-303EB7139950}.Debug|Any CPU.ActiveCfg = Debug|Any CPU
		{E3EC7DDC-EC14-45B9-8710-303EB7139950}.Debug|Any CPU.Build.0 = Debug|Any CPU
		{E3EC7DDC-EC14-45B9-8710-303EB7139950}.Debug|Mixed Platforms.ActiveCfg = Debug|Any CPU
		{E3EC7DDC-EC14-45B9-8710-303EB7139950}.Debug|Mixed Platforms.Build.0 = Debug|Any CPU
		{E3EC7DDC-EC14-45B9-8710-303EB7139950}.Debug|x86.ActiveCfg = Debug|Any CPU
		{E3EC7DDC-EC14-45B9-8710-303EB7139950}.Release|Any CPU.ActiveCfg = Release|Any CPU
		{E3EC7DDC-EC14-45B9-8710-303EB7139950}.Release|Any CPU.Build.0 = Release|Any CPU
		{E3EC7DDC-EC14-45B9-8710-303EB7139950}.Release|Mixed Platforms.ActiveCfg = Release|Any CPU
		{E3EC7DDC-EC14-45B9-8710-303EB7139950}.Release|Mixed Platforms.Build.0 = Release|Any CPU
		{E3EC7DDC-EC14-45B9-8710-303EB7139950}.Release|x86.ActiveCfg = Release|Any CPU
		{798513C6-1474-4E5F-9776-115DFF2C5FA8}.Debug|Any CPU.ActiveCfg = Debug|Any CPU
		{798513C6-1474-4E5F-9776-115DFF2C5FA8}.Debug|Any CPU.Build.0 = Debug|Any CPU
		{798513C6-1474-4E5F-9776-115DFF2C5FA8}.Debug|Mixed Platforms.ActiveCfg = Debug|Any CPU
		{798513C6-1474-4E5F-9776-115DFF2C5FA8}.Debug|Mixed Platforms.Build.0 = Debug|Any CPU
		{798513C6-1474-4E5F-9776-115DFF2C5FA8}.Debug|x86.ActiveCfg = Debug|Any CPU
		{798513C6-1474-4E5F-9776-115DFF2C5FA8}.Release|Any CPU.ActiveCfg = Release|Any CPU
		{798513C6-1474-4E5F-9776-115DFF2C5FA8}.Release|Any CPU.Build.0 = Release|Any CPU
		{798513C6-1474-4E5F-9776-115DFF2C5FA8}.Release|Mixed Platforms.ActiveCfg = Release|Any CPU
		{798513C6-1474-4E5F-9776-115DFF2C5FA8}.Release|Mixed Platforms.Build.0 = Release|Any CPU
		{798513C6-1474-4E5F-9776-115DFF2C5FA8}.Release|x86.ActiveCfg = Release|Any CPU
		{71CB07B7-996B-4CAA-934B-747099F80557}.Debug|Any CPU.ActiveCfg = Debug|x86
		{71CB07B7-996B-4CAA-934B-747099F80557}.Debug|Mixed Platforms.ActiveCfg = Debug|x86
		{71CB07B7-996B-4CAA-934B-747099F80557}.Debug|Mixed Platforms.Build.0 = Debug|x86
		{71CB07B7-996B-4CAA-934B-747099F80557}.Debug|x86.ActiveCfg = Debug|x86
		{71CB07B7-996B-4CAA-934B-747099F80557}.Debug|x86.Build.0 = Debug|x86
		{71CB07B7-996B-4CAA-934B-747099F80557}.Release|Any CPU.ActiveCfg = Release|x86
		{71CB07B7-996B-4CAA-934B-747099F80557}.Release|Mixed Platforms.ActiveCfg = Release|x86
		{71CB07B7-996B-4CAA-934B-747099F80557}.Release|Mixed Platforms.Build.0 = Release|x86
		{71CB07B7-996B-4CAA-934B-747099F80557}.Release|x86.ActiveCfg = Release|x86
		{71CB07B7-996B-4CAA-934B-747099F80557}.Release|x86.Build.0 = Release|x86
		{1C2148B3-6502-4688-A674-CBF19D2FC044}.Debug|Any CPU.ActiveCfg = Debug
		{1C2148B3-6502-4688-A674-CBF19D2FC044}.Debug|Mixed Platforms.ActiveCfg = Debug
		{1C2148B3-6502-4688-A674-CBF19D2FC044}.Debug|x86.ActiveCfg = Debug
		{1C2148B3-6502-4688-A674-CBF19D2FC044}.Release|Any CPU.ActiveCfg = Release
		{1C2148B3-6502-4688-A674-CBF19D2FC044}.Release|Mixed Platforms.ActiveCfg = Release
		{1C2148B3-6502-4688-A674-CBF19D2FC044}.Release|x86.ActiveCfg = Release
		{3E7B18D5-2E48-4EF1-A5FE-13EEC165F8B1}.Debug|Any CPU.ActiveCfg = Debug
		{3E7B18D5-2E48-4EF1-A5FE-13EEC165F8B1}.Debug|Mixed Platforms.ActiveCfg = Debug
		{3E7B18D5-2E48-4EF1-A5FE-13EEC165F8B1}.Debug|x86.ActiveCfg = Debug
		{3E7B18D5-2E48-4EF1-A5FE-13EEC165F8B1}.Release|Any CPU.ActiveCfg = Release
		{3E7B18D5-2E48-4EF1-A5FE-13EEC165F8B1}.Release|Mixed Platforms.ActiveCfg = Release
		{3E7B18D5-2E48-4EF1-A5FE-13EEC165F8B1}.Release|x86.ActiveCfg = Release
		{49DB6687-889A-408B-83DE-C326290741FB}.Debug|Any CPU.ActiveCfg = Debug
		{49DB6687-889A-408B-83DE-C326290741FB}.Debug|Mixed Platforms.ActiveCfg = Debug
		{49DB6687-889A-408B-83DE-C326290741FB}.Debug|x86.ActiveCfg = Debug
		{49DB6687-889A-408B-83DE-C326290741FB}.Release|Any CPU.ActiveCfg = Release
		{49DB6687-889A-408B-83DE-C326290741FB}.Release|Mixed Platforms.ActiveCfg = Release
		{49DB6687-889A-408B-83DE-C326290741FB}.Release|x86.ActiveCfg = Release
	EndGlobalSection
	GlobalSection(SolutionProperties) = preSolution
		HideSolutionNode = FALSE
	EndGlobalSection
EndGlobal
